
Microsoft Visual Studio Solution File, Format Version 12.00
# Visual Studio Version 17
VisualStudioVersion = 17.10.35013.160
MinimumVisualStudioVersion = 10.0.40219.1
Project("{FAE04EC0-301F-11D3-BF4B-00C04F79EFBC}") = "Test_BTG", "Test_BTG\Test_BTG.csproj", "{7C2E30C6-B7FA-4864-ACF8-51090D08EF9A}"
EndProject
Global
	GlobalSection(SolutionConfigurationPlatforms) = preSolution
		Debug|Any CPU = Debug|Any CPU
		Release|Any CPU = Release|Any CPU
	EndGlobalSection
	GlobalSection(ProjectConfigurationPlatforms) = postSolution
		{7C2E30C6-B7FA-4864-ACF8-51090D08EF9A}.Debug|Any CPU.ActiveCfg = Debug|Any CPU
		{7C2E30C6-B7FA-4864-ACF8-51090D08EF9A}.Debug|Any CPU.Build.0 = Debug|Any CPU
		{7C2E30C6-B7FA-4864-ACF8-51090D08EF9A}.Debug|Any CPU.Deploy.0 = Debug|Any CPU
		{7C2E30C6-B7FA-4864-ACF8-51090D08EF9A}.Release|Any CPU.ActiveCfg = Release|Any CPU
		{7C2E30C6-B7FA-4864-ACF8-51090D08EF9A}.Release|Any CPU.Build.0 = Release|Any CPU
		{7C2E30C6-B7FA-4864-ACF8-51090D08EF9A}.Release|Any CPU.Deploy.0 = Release|Any CPU
	EndGlobalSection
	GlobalSection(SolutionProperties) = preSolution
		HideSolutionNode = FALSE
	EndGlobalSection
	GlobalSection(ExtensibilityGlobals) = postSolution
		SolutionGuid = {6084C66B-6D67-4A4B-8F26-5DAD0361C53D}
	EndGlobalSection
EndGlobal
